// !$*UTF8*$!
{
	archiveVersion = 1;
	classes = {
	};
	objectVersion = 52;
	objects = {

/* Begin PBXBuildFile section */
		181B53A3252C674D009B4FF8 /* FacebookCore in Frameworks */ = {isa = PBXBuildFile; productRef = 181B53A2252C674D009B4FF8 /* FacebookCore */; };
		181B53A5252C674D009B4FF8 /* FacebookLogin in Frameworks */ = {isa = PBXBuildFile; productRef = 181B53A4252C674D009B4FF8 /* FacebookLogin */; };
		1825C4032534860C0070AD83 /* ForgotPassPhone.swift in Sources */ = {isa = PBXBuildFile; fileRef = 1825C4022534860C0070AD83 /* ForgotPassPhone.swift */; };
		1828B6DA251DD23300CAF395 /* Billabong.ttf in Resources */ = {isa = PBXBuildFile; fileRef = 1828B6D9251DD23300CAF395 /* Billabong.ttf */; };
		1837167C2523A13700225032 /* SignUp.storyboard in Resources */ = {isa = PBXBuildFile; fileRef = 1837167B2523A13700225032 /* SignUp.storyboard */; };
		18538CC62523A49A000DF175 /* SignUpViewController.swift in Sources */ = {isa = PBXBuildFile; fileRef = 18538CC52523A49A000DF175 /* SignUpViewController.swift */; };
		18668E50252061DA002214FA /* ForgotPassword.storyboard in Resources */ = {isa = PBXBuildFile; fileRef = 18668E4F252061DA002214FA /* ForgotPassword.storyboard */; };
		188625BD253438D4008735D6 /* ForgotPassEmail.swift in Sources */ = {isa = PBXBuildFile; fileRef = 188625BC253438D4008735D6 /* ForgotPassEmail.swift */; };
		18881D4D25209F9200449B6A /* TabViewController.swift in Sources */ = {isa = PBXBuildFile; fileRef = 18881D4C25209F9200449B6A /* TabViewController.swift */; };
		18A7F8922522FE550093BCF4 /* TextFieldController.swift in Sources */ = {isa = PBXBuildFile; fileRef = 18A7F8912522FE550093BCF4 /* TextFieldController.swift */; };
		18A7F89425232F930093BCF4 /* ButtonController.swift in Sources */ = {isa = PBXBuildFile; fileRef = 18A7F89325232F930093BCF4 /* ButtonController.swift */; };
		18A81E03251B79FC00EB5904 /* AppDelegate.swift in Sources */ = {isa = PBXBuildFile; fileRef = 18A81E02251B79FC00EB5904 /* AppDelegate.swift */; };
		18A81E05251B79FC00EB5904 /* SceneDelegate.swift in Sources */ = {isa = PBXBuildFile; fileRef = 18A81E04251B79FC00EB5904 /* SceneDelegate.swift */; };
		18A81E07251B79FC00EB5904 /* ViewController.swift in Sources */ = {isa = PBXBuildFile; fileRef = 18A81E06251B79FC00EB5904 /* ViewController.swift */; };
		18A81E0A251B79FC00EB5904 /* Main.storyboard in Resources */ = {isa = PBXBuildFile; fileRef = 18A81E08251B79FC00EB5904 /* Main.storyboard */; };
		18A81E0C251B79FD00EB5904 /* Assets.xcassets in Resources */ = {isa = PBXBuildFile; fileRef = 18A81E0B251B79FD00EB5904 /* Assets.xcassets */; };
		18A81E0F251B79FD00EB5904 /* LaunchScreen.storyboard in Resources */ = {isa = PBXBuildFile; fileRef = 18A81E0D251B79FD00EB5904 /* LaunchScreen.storyboard */; };
		18A81E1A251B79FE00EB5904 /* kilogramTests.swift in Sources */ = {isa = PBXBuildFile; fileRef = 18A81E19251B79FE00EB5904 /* kilogramTests.swift */; };
		18A81E2C251B824A00EB5904 /* .gitignore in Resources */ = {isa = PBXBuildFile; fileRef = 18A81E2B251B824A00EB5904 /* .gitignore */; };
		18CDF7812529E22E00080B17 /* Home.storyboard in Resources */ = {isa = PBXBuildFile; fileRef = 18CDF7802529E22E00080B17 /* Home.storyboard */; };
		18CDF783252A377800080B17 /* HomeViewController.swift in Sources */ = {isa = PBXBuildFile; fileRef = 18CDF782252A377800080B17 /* HomeViewController.swift */; };
		18D2F0A6252F7FD900A5D403 /* SanFransico.otf in Resources */ = {isa = PBXBuildFile; fileRef = 18D2F0A5252F7FD900A5D403 /* SanFransico.otf */; };
		18D2F0AA252F86FB00A5D403 /* SanFranciscoText-Medium.otf in Resources */ = {isa = PBXBuildFile; fileRef = 18D2F0A7252F86FB00A5D403 /* SanFranciscoText-Medium.otf */; };
		18D2F0AB252F86FB00A5D403 /* SanFranciscoText-Bold.otf in Resources */ = {isa = PBXBuildFile; fileRef = 18D2F0A8252F86FB00A5D403 /* SanFranciscoText-Bold.otf */; };
		18D2F0AC252F86FB00A5D403 /* SanFranciscoText-Heavy.otf in Resources */ = {isa = PBXBuildFile; fileRef = 18D2F0A9252F86FB00A5D403 /* SanFranciscoText-Heavy.otf */; };
		54E82F350749D0C84BF0772B /* Pods_kilogram.framework in Frameworks */ = {isa = PBXBuildFile; fileRef = 70F43F8DF615BCE20EF2B3E9 /* Pods_kilogram.framework */; };
		883F902635AD684A80F1CFDF /* Pods_kilogramTests.framework in Frameworks */ = {isa = PBXBuildFile; fileRef = EDBBBEA449715C42B00F0244 /* Pods_kilogramTests.framework */; };
/* End PBXBuildFile section */

/* Begin PBXContainerItemProxy section */
		18A81E16251B79FE00EB5904 /* PBXContainerItemProxy */ = {
			isa = PBXContainerItemProxy;
			containerPortal = 18A81DF7251B79FC00EB5904 /* Project object */;
			proxyType = 1;
			remoteGlobalIDString = 18A81DFE251B79FC00EB5904;
			remoteInfo = kilogram;
		};
/* End PBXContainerItemProxy section */

/* Begin PBXFileReference section */
		05F62890C35B39298693A22D /* Pods-kilogram.release.xcconfig */ = {isa = PBXFileReference; includeInIndex = 1; lastKnownFileType = text.xcconfig; name = "Pods-kilogram.release.xcconfig"; path = "Target Support Files/Pods-kilogram/Pods-kilogram.release.xcconfig"; sourceTree = "<group>"; };
		14A49C1B5A3DA4EA75571CD2 /* Pods-kilogramTests.debug.xcconfig */ = {isa = PBXFileReference; includeInIndex = 1; lastKnownFileType = text.xcconfig; name = "Pods-kilogramTests.debug.xcconfig"; path = "Target Support Files/Pods-kilogramTests/Pods-kilogramTests.debug.xcconfig"; sourceTree = "<group>"; };
		1825C4022534860C0070AD83 /* ForgotPassPhone.swift */ = {isa = PBXFileReference; lastKnownFileType = sourcecode.swift; path = ForgotPassPhone.swift; sourceTree = "<group>"; };
		1828B6D9251DD23300CAF395 /* Billabong.ttf */ = {isa = PBXFileReference; lastKnownFileType = file; path = Billabong.ttf; sourceTree = "<group>"; };
		1837167B2523A13700225032 /* SignUp.storyboard */ = {isa = PBXFileReference; lastKnownFileType = file.storyboard; path = SignUp.storyboard; sourceTree = "<group>"; };
		18538CC52523A49A000DF175 /* SignUpViewController.swift */ = {isa = PBXFileReference; lastKnownFileType = sourcecode.swift; path = SignUpViewController.swift; sourceTree = "<group>"; };
		18668E4F252061DA002214FA /* ForgotPassword.storyboard */ = {isa = PBXFileReference; lastKnownFileType = file.storyboard; path = ForgotPassword.storyboard; sourceTree = "<group>"; };
		188625BC253438D4008735D6 /* ForgotPassEmail.swift */ = {isa = PBXFileReference; lastKnownFileType = sourcecode.swift; path = ForgotPassEmail.swift; sourceTree = "<group>"; };
		18881D4C25209F9200449B6A /* TabViewController.swift */ = {isa = PBXFileReference; lastKnownFileType = sourcecode.swift; path = TabViewController.swift; sourceTree = "<group>"; };
		18881D4E2520A05E00449B6A /* Pageboy.framework */ = {isa = PBXFileReference; explicitFileType = wrapper.framework; path = Pageboy.framework; sourceTree = BUILT_PRODUCTS_DIR; };
		18A7F8912522FE550093BCF4 /* TextFieldController.swift */ = {isa = PBXFileReference; lastKnownFileType = sourcecode.swift; path = TextFieldController.swift; sourceTree = "<group>"; };
		18A7F89325232F930093BCF4 /* ButtonController.swift */ = {isa = PBXFileReference; lastKnownFileType = sourcecode.swift; path = ButtonController.swift; sourceTree = "<group>"; };
		18A81DFF251B79FC00EB5904 /* kilogram.app */ = {isa = PBXFileReference; explicitFileType = wrapper.application; includeInIndex = 0; path = kilogram.app; sourceTree = BUILT_PRODUCTS_DIR; };
		18A81E02251B79FC00EB5904 /* AppDelegate.swift */ = {isa = PBXFileReference; lastKnownFileType = sourcecode.swift; path = AppDelegate.swift; sourceTree = "<group>"; };
		18A81E04251B79FC00EB5904 /* SceneDelegate.swift */ = {isa = PBXFileReference; lastKnownFileType = sourcecode.swift; path = SceneDelegate.swift; sourceTree = "<group>"; };
		18A81E06251B79FC00EB5904 /* ViewController.swift */ = {isa = PBXFileReference; lastKnownFileType = sourcecode.swift; path = ViewController.swift; sourceTree = "<group>"; };
		18A81E09251B79FC00EB5904 /* Base */ = {isa = PBXFileReference; lastKnownFileType = file.storyboard; name = Base; path = Base.lproj/Main.storyboard; sourceTree = "<group>"; };
		18A81E0B251B79FD00EB5904 /* Assets.xcassets */ = {isa = PBXFileReference; lastKnownFileType = folder.assetcatalog; path = Assets.xcassets; sourceTree = "<group>"; };
		18A81E0E251B79FD00EB5904 /* Base */ = {isa = PBXFileReference; lastKnownFileType = file.storyboard; name = Base; path = Base.lproj/LaunchScreen.storyboard; sourceTree = "<group>"; };
		18A81E10251B79FD00EB5904 /* Info.plist */ = {isa = PBXFileReference; lastKnownFileType = text.plist.xml; path = Info.plist; sourceTree = "<group>"; };
		18A81E15251B79FE00EB5904 /* kilogramTests.xctest */ = {isa = PBXFileReference; explicitFileType = wrapper.cfbundle; includeInIndex = 0; path = kilogramTests.xctest; sourceTree = BUILT_PRODUCTS_DIR; };
		18A81E19251B79FE00EB5904 /* kilogramTests.swift */ = {isa = PBXFileReference; lastKnownFileType = sourcecode.swift; path = kilogramTests.swift; sourceTree = "<group>"; };
		18A81E1B251B79FE00EB5904 /* Info.plist */ = {isa = PBXFileReference; lastKnownFileType = text.plist.xml; path = Info.plist; sourceTree = "<group>"; };
		18A81E2B251B824A00EB5904 /* .gitignore */ = {isa = PBXFileReference; lastKnownFileType = text; path = .gitignore; sourceTree = "<group>"; };
		18CDF7802529E22E00080B17 /* Home.storyboard */ = {isa = PBXFileReference; lastKnownFileType = file.storyboard; path = Home.storyboard; sourceTree = "<group>"; };
		18CDF782252A377800080B17 /* HomeViewController.swift */ = {isa = PBXFileReference; lastKnownFileType = sourcecode.swift; path = HomeViewController.swift; sourceTree = "<group>"; };
		18D2F0A5252F7FD900A5D403 /* SanFransico.otf */ = {isa = PBXFileReference; lastKnownFileType = file; path = SanFransico.otf; sourceTree = "<group>"; };
		18D2F0A7252F86FB00A5D403 /* SanFranciscoText-Medium.otf */ = {isa = PBXFileReference; lastKnownFileType = file; path = "SanFranciscoText-Medium.otf"; sourceTree = "<group>"; };
		18D2F0A8252F86FB00A5D403 /* SanFranciscoText-Bold.otf */ = {isa = PBXFileReference; lastKnownFileType = file; path = "SanFranciscoText-Bold.otf"; sourceTree = "<group>"; };
		18D2F0A9252F86FB00A5D403 /* SanFranciscoText-Heavy.otf */ = {isa = PBXFileReference; lastKnownFileType = file; path = "SanFranciscoText-Heavy.otf"; sourceTree = "<group>"; };
		29DB3E2D009F986F5F1AA3F8 /* Pods-kilogramTests.release.xcconfig */ = {isa = PBXFileReference; includeInIndex = 1; lastKnownFileType = text.xcconfig; name = "Pods-kilogramTests.release.xcconfig"; path = "Target Support Files/Pods-kilogramTests/Pods-kilogramTests.release.xcconfig"; sourceTree = "<group>"; };
		70F43F8DF615BCE20EF2B3E9 /* Pods_kilogram.framework */ = {isa = PBXFileReference; explicitFileType = wrapper.framework; includeInIndex = 0; path = Pods_kilogram.framework; sourceTree = BUILT_PRODUCTS_DIR; };
		97871C96A320320F603F14EE /* Pods-kilogram.debug.xcconfig */ = {isa = PBXFileReference; includeInIndex = 1; lastKnownFileType = text.xcconfig; name = "Pods-kilogram.debug.xcconfig"; path = "Target Support Files/Pods-kilogram/Pods-kilogram.debug.xcconfig"; sourceTree = "<group>"; };
		EDBBBEA449715C42B00F0244 /* Pods_kilogramTests.framework */ = {isa = PBXFileReference; explicitFileType = wrapper.framework; includeInIndex = 0; path = Pods_kilogramTests.framework; sourceTree = BUILT_PRODUCTS_DIR; };
/* End PBXFileReference section */

/* Begin PBXFrameworksBuildPhase section */
		18A81DFC251B79FC00EB5904 /* Frameworks */ = {
			isa = PBXFrameworksBuildPhase;
			buildActionMask = 2147483647;
			files = (
				54E82F350749D0C84BF0772B /* Pods_kilogram.framework in Frameworks */,
				181B53A3252C674D009B4FF8 /* FacebookCore in Frameworks */,
				181B53A5252C674D009B4FF8 /* FacebookLogin in Frameworks */,
			);
			runOnlyForDeploymentPostprocessing = 0;
		};
		18A81E12251B79FE00EB5904 /* Frameworks */ = {
			isa = PBXFrameworksBuildPhase;
			buildActionMask = 2147483647;
			files = (
				883F902635AD684A80F1CFDF /* Pods_kilogramTests.framework in Frameworks */,
			);
			runOnlyForDeploymentPostprocessing = 0;
		};
/* End PBXFrameworksBuildPhase section */

/* Begin PBXGroup section */
		1828B6D5251DD14D00CAF395 /* src */ = {
			isa = PBXGroup;
			children = (
				18668E4D252061A3002214FA /* screens */,
				186D7631251E0E9800E0764C /* components */,
				1828B6D7251DD21400CAF395 /* assets */,
				1828B6D6251DD19800CAF395 /* main */,
			);
			path = src;
			sourceTree = "<group>";
		};
		1828B6D6251DD19800CAF395 /* main */ = {
			isa = PBXGroup;
			children = (
				18A81E06251B79FC00EB5904 /* ViewController.swift */,
				18A81E08251B79FC00EB5904 /* Main.storyboard */,
			);
			path = main;
			sourceTree = "<group>";
		};
		1828B6D7251DD21400CAF395 /* assets */ = {
			isa = PBXGroup;
			children = (
				1828B6D8251DD21E00CAF395 /* fonts */,
				18A81E0B251B79FD00EB5904 /* Assets.xcassets */,
			);
			path = assets;
			sourceTree = "<group>";
		};
		1828B6D8251DD21E00CAF395 /* fonts */ = {
			isa = PBXGroup;
			children = (
				18D2F0A8252F86FB00A5D403 /* SanFranciscoText-Bold.otf */,
				18D2F0A9252F86FB00A5D403 /* SanFranciscoText-Heavy.otf */,
				18D2F0A7252F86FB00A5D403 /* SanFranciscoText-Medium.otf */,
				18D2F0A5252F7FD900A5D403 /* SanFransico.otf */,
				1828B6D9251DD23300CAF395 /* Billabong.ttf */,
			);
			path = fonts;
			sourceTree = "<group>";
		};
		183716782523A0FE00225032 /* signUp */ = {
			isa = PBXGroup;
			children = (
				1837167B2523A13700225032 /* SignUp.storyboard */,
				18538CC52523A49A000DF175 /* SignUpViewController.swift */,
			);
			path = signUp;
			sourceTree = "<group>";
		};
		18668E4D252061A3002214FA /* screens */ = {
			isa = PBXGroup;
			children = (
				18CDF77F2529E21500080B17 /* home */,
				183716782523A0FE00225032 /* signUp */,
				18668E4E252061AE002214FA /* forgotPassword */,
			);
			path = screens;
			sourceTree = "<group>";
		};
		18668E4E252061AE002214FA /* forgotPassword */ = {
			isa = PBXGroup;
			children = (
				18668E4F252061DA002214FA /* ForgotPassword.storyboard */,
				188625BC253438D4008735D6 /* ForgotPassEmail.swift */,
				1825C4022534860C0070AD83 /* ForgotPassPhone.swift */,
			);
			path = forgotPassword;
			sourceTree = "<group>";
		};
		186D7631251E0E9800E0764C /* components */ = {
			isa = PBXGroup;
			children = (
				18881D4C25209F9200449B6A /* TabViewController.swift */,
				18A7F8912522FE550093BCF4 /* TextFieldController.swift */,
				18A7F89325232F930093BCF4 /* ButtonController.swift */,
			);
			path = components;
			sourceTree = "<group>";
		};
		18A81DF6251B79FC00EB5904 = {
			isa = PBXGroup;
			children = (
				18A81E2B251B824A00EB5904 /* .gitignore */,
				18A81E01251B79FC00EB5904 /* kilogram */,
				18A81E18251B79FE00EB5904 /* kilogramTests */,
				18A81E00251B79FC00EB5904 /* Products */,
				4450902067AA9A33795E03F5 /* Pods */,
				BF70582E4C4F58F9ADE74F0B /* Frameworks */,
			);
			sourceTree = "<group>";
		};
		18A81E00251B79FC00EB5904 /* Products */ = {
			isa = PBXGroup;
			children = (
				18A81DFF251B79FC00EB5904 /* kilogram.app */,
				18A81E15251B79FE00EB5904 /* kilogramTests.xctest */,
			);
			name = Products;
			sourceTree = "<group>";
		};
		18A81E01251B79FC00EB5904 /* kilogram */ = {
			isa = PBXGroup;
			children = (
				18A81E02251B79FC00EB5904 /* AppDelegate.swift */,
				18A81E04251B79FC00EB5904 /* SceneDelegate.swift */,
				1828B6D5251DD14D00CAF395 /* src */,
				18A81E0D251B79FD00EB5904 /* LaunchScreen.storyboard */,
				18A81E10251B79FD00EB5904 /* Info.plist */,
			);
			path = kilogram;
			sourceTree = "<group>";
		};
		18A81E18251B79FE00EB5904 /* kilogramTests */ = {
			isa = PBXGroup;
			children = (
				18A81E19251B79FE00EB5904 /* kilogramTests.swift */,
				18A81E1B251B79FE00EB5904 /* Info.plist */,
			);
			path = kilogramTests;
			sourceTree = "<group>";
		};
		18CDF77F2529E21500080B17 /* home */ = {
			isa = PBXGroup;
			children = (
				18CDF7802529E22E00080B17 /* Home.storyboard */,
				18CDF782252A377800080B17 /* HomeViewController.swift */,
			);
			path = home;
			sourceTree = "<group>";
		};
		4450902067AA9A33795E03F5 /* Pods */ = {
			isa = PBXGroup;
			children = (
				97871C96A320320F603F14EE /* Pods-kilogram.debug.xcconfig */,
				05F62890C35B39298693A22D /* Pods-kilogram.release.xcconfig */,
				14A49C1B5A3DA4EA75571CD2 /* Pods-kilogramTests.debug.xcconfig */,
				29DB3E2D009F986F5F1AA3F8 /* Pods-kilogramTests.release.xcconfig */,
			);
			path = Pods;
			sourceTree = "<group>";
		};
		BF70582E4C4F58F9ADE74F0B /* Frameworks */ = {
			isa = PBXGroup;
			children = (
				18881D4E2520A05E00449B6A /* Pageboy.framework */,
				70F43F8DF615BCE20EF2B3E9 /* Pods_kilogram.framework */,
				EDBBBEA449715C42B00F0244 /* Pods_kilogramTests.framework */,
			);
			name = Frameworks;
			sourceTree = "<group>";
		};
/* End PBXGroup section */

/* Begin PBXNativeTarget section */
		18A81DFE251B79FC00EB5904 /* kilogram */ = {
			isa = PBXNativeTarget;
			buildConfigurationList = 18A81E1E251B79FE00EB5904 /* Build configuration list for PBXNativeTarget "kilogram" */;
			buildPhases = (
				57EB28A9E15CE5F42B908F18 /* [CP] Check Pods Manifest.lock */,
				18A81DFB251B79FC00EB5904 /* Sources */,
				18A81DFC251B79FC00EB5904 /* Frameworks */,
				18A81DFD251B79FC00EB5904 /* Resources */,
				109E65AA5041FDFEA1D1AB3F /* [CP] Copy Pods Resources */,
			);
			buildRules = (
			);
			dependencies = (
			);
			name = kilogram;
			packageProductDependencies = (
				181B53A2252C674D009B4FF8 /* FacebookCore */,
				181B53A4252C674D009B4FF8 /* FacebookLogin */,
			);
			productName = kilogram;
			productReference = 18A81DFF251B79FC00EB5904 /* kilogram.app */;
			productType = "com.apple.product-type.application";
		};
		18A81E14251B79FE00EB5904 /* kilogramTests */ = {
			isa = PBXNativeTarget;
			buildConfigurationList = 18A81E21251B79FE00EB5904 /* Build configuration list for PBXNativeTarget "kilogramTests" */;
			buildPhases = (
				A1754EB5A1283E0349CC0090 /* [CP] Check Pods Manifest.lock */,
				18A81E11251B79FE00EB5904 /* Sources */,
				18A81E12251B79FE00EB5904 /* Frameworks */,
				18A81E13251B79FE00EB5904 /* Resources */,
			);
			buildRules = (
			);
			dependencies = (
				18A81E17251B79FE00EB5904 /* PBXTargetDependency */,
			);
			name = kilogramTests;
			productName = kilogramTests;
			productReference = 18A81E15251B79FE00EB5904 /* kilogramTests.xctest */;
			productType = "com.apple.product-type.bundle.unit-test";
		};
/* End PBXNativeTarget section */

/* Begin PBXProject section */
		18A81DF7251B79FC00EB5904 /* Project object */ = {
			isa = PBXProject;
			attributes = {
				LastSwiftUpdateCheck = 1170;
				LastUpgradeCheck = 1170;
				ORGANIZATIONNAME = Apple;
				TargetAttributes = {
					18A81DFE251B79FC00EB5904 = {
						CreatedOnToolsVersion = 11.7;
					};
					18A81E14251B79FE00EB5904 = {
						CreatedOnToolsVersion = 11.7;
						TestTargetID = 18A81DFE251B79FC00EB5904;
					};
				};
			};
			buildConfigurationList = 18A81DFA251B79FC00EB5904 /* Build configuration list for PBXProject "kilogram" */;
			compatibilityVersion = "Xcode 9.3";
			developmentRegion = en;
			hasScannedForEncodings = 0;
			knownRegions = (
				en,
				Base,
			);
			mainGroup = 18A81DF6251B79FC00EB5904;
			packageReferences = (
				181B53A1252C674D009B4FF8 /* XCRemoteSwiftPackageReference "facebook-ios-sdk" */,
			);
			productRefGroup = 18A81E00251B79FC00EB5904 /* Products */;
			projectDirPath = "";
			projectRoot = "";
			targets = (
				18A81DFE251B79FC00EB5904 /* kilogram */,
				18A81E14251B79FE00EB5904 /* kilogramTests */,
			);
		};
/* End PBXProject section */

/* Begin PBXResourcesBuildPhase section */
		18A81DFD251B79FC00EB5904 /* Resources */ = {
			isa = PBXResourcesBuildPhase;
			buildActionMask = 2147483647;
			files = (
				18A81E2C251B824A00EB5904 /* .gitignore in Resources */,
				18D2F0AC252F86FB00A5D403 /* SanFranciscoText-Heavy.otf in Resources */,
				18D2F0AB252F86FB00A5D403 /* SanFranciscoText-Bold.otf in Resources */,
				18A81E0F251B79FD00EB5904 /* LaunchScreen.storyboard in Resources */,
				18A81E0C251B79FD00EB5904 /* Assets.xcassets in Resources */,
				18D2F0AA252F86FB00A5D403 /* SanFranciscoText-Medium.otf in Resources */,
				1837167C2523A13700225032 /* SignUp.storyboard in Resources */,
				18D2F0A6252F7FD900A5D403 /* SanFransico.otf in Resources */,
				1828B6DA251DD23300CAF395 /* Billabong.ttf in Resources */,
				18668E50252061DA002214FA /* ForgotPassword.storyboard in Resources */,
				18A81E0A251B79FC00EB5904 /* Main.storyboard in Resources */,
				18CDF7812529E22E00080B17 /* Home.storyboard in Resources */,
			);
			runOnlyForDeploymentPostprocessing = 0;
		};
		18A81E13251B79FE00EB5904 /* Resources */ = {
			isa = PBXResourcesBuildPhase;
			buildActionMask = 2147483647;
			files = (
			);
			runOnlyForDeploymentPostprocessing = 0;
		};
/* End PBXResourcesBuildPhase section */

/* Begin PBXShellScriptBuildPhase section */
		109E65AA5041FDFEA1D1AB3F /* [CP] Copy Pods Resources */ = {
			isa = PBXShellScriptBuildPhase;
			buildActionMask = 2147483647;
			files = (
			);
			inputFileListPaths = (
				"${PODS_ROOT}/Target Support Files/Pods-kilogram/Pods-kilogram-resources-${CONFIGURATION}-input-files.xcfilelist",
			);
			name = "[CP] Copy Pods Resources";
			outputFileListPaths = (
				"${PODS_ROOT}/Target Support Files/Pods-kilogram/Pods-kilogram-resources-${CONFIGURATION}-output-files.xcfilelist",
			);
			runOnlyForDeploymentPostprocessing = 0;
			shellPath = /bin/sh;
			shellScript = "\"${PODS_ROOT}/Target Support Files/Pods-kilogram/Pods-kilogram-resources.sh\"\n";
			showEnvVarsInLog = 0;
		};
		57EB28A9E15CE5F42B908F18 /* [CP] Check Pods Manifest.lock */ = {
			isa = PBXShellScriptBuildPhase;
			buildActionMask = 2147483647;
			files = (
			);
			inputFileListPaths = (
			);
			inputPaths = (
				"${PODS_PODFILE_DIR_PATH}/Podfile.lock",
				"${PODS_ROOT}/Manifest.lock",
			);
			name = "[CP] Check Pods Manifest.lock";
			outputFileListPaths = (
			);
			outputPaths = (
				"$(DERIVED_FILE_DIR)/Pods-kilogram-checkManifestLockResult.txt",
			);
			runOnlyForDeploymentPostprocessing = 0;
			shellPath = /bin/sh;
			shellScript = "diff \"${PODS_PODFILE_DIR_PATH}/Podfile.lock\" \"${PODS_ROOT}/Manifest.lock\" > /dev/null\nif [ $? != 0 ] ; then\n    # print error to STDERR\n    echo \"error: The sandbox is not in sync with the Podfile.lock. Run 'pod install' or update your CocoaPods installation.\" >&2\n    exit 1\nfi\n# This output is used by Xcode 'outputs' to avoid re-running this script phase.\necho \"SUCCESS\" > \"${SCRIPT_OUTPUT_FILE_0}\"\n";
			showEnvVarsInLog = 0;
		};
		A1754EB5A1283E0349CC0090 /* [CP] Check Pods Manifest.lock */ = {
			isa = PBXShellScriptBuildPhase;
			buildActionMask = 2147483647;
			files = (
			);
			inputFileListPaths = (
			);
			inputPaths = (
				"${PODS_PODFILE_DIR_PATH}/Podfile.lock",
				"${PODS_ROOT}/Manifest.lock",
			);
			name = "[CP] Check Pods Manifest.lock";
			outputFileListPaths = (
			);
			outputPaths = (
				"$(DERIVED_FILE_DIR)/Pods-kilogramTests-checkManifestLockResult.txt",
			);
			runOnlyForDeploymentPostprocessing = 0;
			shellPath = /bin/sh;
			shellScript = "diff \"${PODS_PODFILE_DIR_PATH}/Podfile.lock\" \"${PODS_ROOT}/Manifest.lock\" > /dev/null\nif [ $? != 0 ] ; then\n    # print error to STDERR\n    echo \"error: The sandbox is not in sync with the Podfile.lock. Run 'pod install' or update your CocoaPods installation.\" >&2\n    exit 1\nfi\n# This output is used by Xcode 'outputs' to avoid re-running this script phase.\necho \"SUCCESS\" > \"${SCRIPT_OUTPUT_FILE_0}\"\n";
			showEnvVarsInLog = 0;
		};
/* End PBXShellScriptBuildPhase section */

/* Begin PBXSourcesBuildPhase section */
		18A81DFB251B79FC00EB5904 /* Sources */ = {
			isa = PBXSourcesBuildPhase;
			buildActionMask = 2147483647;
			files = (
				18A81E07251B79FC00EB5904 /* ViewController.swift in Sources */,
				18538CC62523A49A000DF175 /* SignUpViewController.swift in Sources */,
				18A7F89425232F930093BCF4 /* ButtonController.swift in Sources */,
				188625BD253438D4008735D6 /* ForgotPassEmail.swift in Sources */,
				18CDF783252A377800080B17 /* HomeViewController.swift in Sources */,
				18A7F8922522FE550093BCF4 /* TextFieldController.swift in Sources */,
				18A81E03251B79FC00EB5904 /* AppDelegate.swift in Sources */,
				18881D4D25209F9200449B6A /* TabViewController.swift in Sources */,
				1825C4032534860C0070AD83 /* ForgotPassPhone.swift in Sources */,
				18A81E05251B79FC00EB5904 /* SceneDelegate.swift in Sources */,
			);
			runOnlyForDeploymentPostprocessing = 0;
		};
		18A81E11251B79FE00EB5904 /* Sources */ = {
			isa = PBXSourcesBuildPhase;
			buildActionMask = 2147483647;
			files = (
				18A81E1A251B79FE00EB5904 /* kilogramTests.swift in Sources */,
			);
			runOnlyForDeploymentPostprocessing = 0;
		};
/* End PBXSourcesBuildPhase section */

/* Begin PBXTargetDependency section */
		18A81E17251B79FE00EB5904 /* PBXTargetDependency */ = {
			isa = PBXTargetDependency;
			target = 18A81DFE251B79FC00EB5904 /* kilogram */;
			targetProxy = 18A81E16251B79FE00EB5904 /* PBXContainerItemProxy */;
		};
/* End PBXTargetDependency section */

/* Begin PBXVariantGroup section */
		18A81E08251B79FC00EB5904 /* Main.storyboard */ = {
			isa = PBXVariantGroup;
			children = (
				18A81E09251B79FC00EB5904 /* Base */,
			);
			name = Main.storyboard;
			sourceTree = "<group>";
		};
		18A81E0D251B79FD00EB5904 /* LaunchScreen.storyboard */ = {
			isa = PBXVariantGroup;
			children = (
				18A81E0E251B79FD00EB5904 /* Base */,
			);
			name = LaunchScreen.storyboard;
			sourceTree = "<group>";
		};
/* End PBXVariantGroup section */

/* Begin XCBuildConfiguration section */
		18A81E1C251B79FE00EB5904 /* Debug */ = {
			isa = XCBuildConfiguration;
			buildSettings = {
				ALWAYS_SEARCH_USER_PATHS = NO;
				CLANG_ANALYZER_NONNULL = YES;
				CLANG_ANALYZER_NUMBER_OBJECT_CONVERSION = YES_AGGRESSIVE;
				CLANG_CXX_LANGUAGE_STANDARD = "gnu++14";
				CLANG_CXX_LIBRARY = "libc++";
				CLANG_ENABLE_MODULES = YES;
				CLANG_ENABLE_OBJC_ARC = YES;
				CLANG_ENABLE_OBJC_WEAK = YES;
				CLANG_WARN_BLOCK_CAPTURE_AUTORELEASING = YES;
				CLANG_WARN_BOOL_CONVERSION = YES;
				CLANG_WARN_COMMA = YES;
				CLANG_WARN_CONSTANT_CONVERSION = YES;
				CLANG_WARN_DEPRECATED_OBJC_IMPLEMENTATIONS = YES;
				CLANG_WARN_DIRECT_OBJC_ISA_USAGE = YES_ERROR;
				CLANG_WARN_DOCUMENTATION_COMMENTS = YES;
				CLANG_WARN_EMPTY_BODY = YES;
				CLANG_WARN_ENUM_CONVERSION = YES;
				CLANG_WARN_INFINITE_RECURSION = YES;
				CLANG_WARN_INT_CONVERSION = YES;
				CLANG_WARN_NON_LITERAL_NULL_CONVERSION = YES;
				CLANG_WARN_OBJC_IMPLICIT_RETAIN_SELF = YES;
				CLANG_WARN_OBJC_LITERAL_CONVERSION = YES;
				CLANG_WARN_OBJC_ROOT_CLASS = YES_ERROR;
				CLANG_WARN_RANGE_LOOP_ANALYSIS = YES;
				CLANG_WARN_STRICT_PROTOTYPES = YES;
				CLANG_WARN_SUSPICIOUS_MOVE = YES;
				CLANG_WARN_UNGUARDED_AVAILABILITY = YES_AGGRESSIVE;
				CLANG_WARN_UNREACHABLE_CODE = YES;
				CLANG_WARN__DUPLICATE_METHOD_MATCH = YES;
				COPY_PHASE_STRIP = NO;
				DEBUG_INFORMATION_FORMAT = dwarf;
				ENABLE_STRICT_OBJC_MSGSEND = YES;
				ENABLE_TESTABILITY = YES;
				GCC_C_LANGUAGE_STANDARD = gnu11;
				GCC_DYNAMIC_NO_PIC = NO;
				GCC_NO_COMMON_BLOCKS = YES;
				GCC_OPTIMIZATION_LEVEL = 0;
				GCC_PREPROCESSOR_DEFINITIONS = (
					"DEBUG=1",
					"$(inherited)",
				);
				GCC_WARN_64_TO_32_BIT_CONVERSION = YES;
				GCC_WARN_ABOUT_RETURN_TYPE = YES_ERROR;
				GCC_WARN_UNDECLARED_SELECTOR = YES;
				GCC_WARN_UNINITIALIZED_AUTOS = YES_AGGRESSIVE;
				GCC_WARN_UNUSED_FUNCTION = YES;
				GCC_WARN_UNUSED_VARIABLE = YES;
				IPHONEOS_DEPLOYMENT_TARGET = 13.7;
				MTL_ENABLE_DEBUG_INFO = INCLUDE_SOURCE;
				MTL_FAST_MATH = YES;
				ONLY_ACTIVE_ARCH = YES;
				SDKROOT = iphoneos;
				SWIFT_ACTIVE_COMPILATION_CONDITIONS = DEBUG;
				SWIFT_OPTIMIZATION_LEVEL = "-Onone";
			};
			name = Debug;
		};
		18A81E1D251B79FE00EB5904 /* Release */ = {
			isa = XCBuildConfiguration;
			buildSettings = {
				ALWAYS_SEARCH_USER_PATHS = NO;
				CLANG_ANALYZER_NONNULL = YES;
				CLANG_ANALYZER_NUMBER_OBJECT_CONVERSION = YES_AGGRESSIVE;
				CLANG_CXX_LANGUAGE_STANDARD = "gnu++14";
				CLANG_CXX_LIBRARY = "libc++";
				CLANG_ENABLE_MODULES = YES;
				CLANG_ENABLE_OBJC_ARC = YES;
				CLANG_ENABLE_OBJC_WEAK = YES;
				CLANG_WARN_BLOCK_CAPTURE_AUTORELEASING = YES;
				CLANG_WARN_BOOL_CONVERSION = YES;
				CLANG_WARN_COMMA = YES;
				CLANG_WARN_CONSTANT_CONVERSION = YES;
				CLANG_WARN_DEPRECATED_OBJC_IMPLEMENTATIONS = YES;
				CLANG_WARN_DIRECT_OBJC_ISA_USAGE = YES_ERROR;
				CLANG_WARN_DOCUMENTATION_COMMENTS = YES;
				CLANG_WARN_EMPTY_BODY = YES;
				CLANG_WARN_ENUM_CONVERSION = YES;
				CLANG_WARN_INFINITE_RECURSION = YES;
				CLANG_WARN_INT_CONVERSION = YES;
				CLANG_WARN_NON_LITERAL_NULL_CONVERSION = YES;
				CLANG_WARN_OBJC_IMPLICIT_RETAIN_SELF = YES;
				CLANG_WARN_OBJC_LITERAL_CONVERSION = YES;
				CLANG_WARN_OBJC_ROOT_CLASS = YES_ERROR;
				CLANG_WARN_RANGE_LOOP_ANALYSIS = YES;
				CLANG_WARN_STRICT_PROTOTYPES = YES;
				CLANG_WARN_SUSPICIOUS_MOVE = YES;
				CLANG_WARN_UNGUARDED_AVAILABILITY = YES_AGGRESSIVE;
				CLANG_WARN_UNREACHABLE_CODE = YES;
				CLANG_WARN__DUPLICATE_METHOD_MATCH = YES;
				COPY_PHASE_STRIP = NO;
				DEBUG_INFORMATION_FORMAT = "dwarf-with-dsym";
				ENABLE_NS_ASSERTIONS = NO;
				ENABLE_STRICT_OBJC_MSGSEND = YES;
				GCC_C_LANGUAGE_STANDARD = gnu11;
				GCC_NO_COMMON_BLOCKS = YES;
				GCC_WARN_64_TO_32_BIT_CONVERSION = YES;
				GCC_WARN_ABOUT_RETURN_TYPE = YES_ERROR;
				GCC_WARN_UNDECLARED_SELECTOR = YES;
				GCC_WARN_UNINITIALIZED_AUTOS = YES_AGGRESSIVE;
				GCC_WARN_UNUSED_FUNCTION = YES;
				GCC_WARN_UNUSED_VARIABLE = YES;
				IPHONEOS_DEPLOYMENT_TARGET = 13.7;
				MTL_ENABLE_DEBUG_INFO = NO;
				MTL_FAST_MATH = YES;
				SDKROOT = iphoneos;
				SWIFT_COMPILATION_MODE = wholemodule;
				SWIFT_OPTIMIZATION_LEVEL = "-O";
				VALIDATE_PRODUCT = YES;
			};
			name = Release;
		};
		18A81E1F251B79FE00EB5904 /* Debug */ = {
			isa = XCBuildConfiguration;
			baseConfigurationReference = 97871C96A320320F603F14EE /* Pods-kilogram.debug.xcconfig */;
			buildSettings = {
				ASSETCATALOG_COMPILER_APPICON_NAME = AppIcon;
				CODE_SIGN_STYLE = Automatic;
				INFOPLIST_FILE = kilogram/Info.plist;
				LD_RUNPATH_SEARCH_PATHS = (
					"$(inherited)",
					"@executable_path/Frameworks",
				);
				PRODUCT_BUNDLE_IDENTIFIER = com.konna.kilogram;
				PRODUCT_NAME = "$(TARGET_NAME)";
				SWIFT_VERSION = 5.0;
				TARGETED_DEVICE_FAMILY = "1,2";
			};
			name = Debug;
		};
		18A81E20251B79FE00EB5904 /* Release */ = {
			isa = XCBuildConfiguration;
			baseConfigurationReference = 05F62890C35B39298693A22D /* Pods-kilogram.release.xcconfig */;
			buildSettings = {
				ASSETCATALOG_COMPILER_APPICON_NAME = AppIcon;
				CODE_SIGN_STYLE = Automatic;
				INFOPLIST_FILE = kilogram/Info.plist;
				LD_RUNPATH_SEARCH_PATHS = (
					"$(inherited)",
					"@executable_path/Frameworks",
				);
				PRODUCT_BUNDLE_IDENTIFIER = com.konna.kilogram;
				PRODUCT_NAME = "$(TARGET_NAME)";
				SWIFT_VERSION = 5.0;
				TARGETED_DEVICE_FAMILY = "1,2";
			};
			name = Release;
		};
		18A81E22251B79FE00EB5904 /* Debug */ = {
			isa = XCBuildConfiguration;
			baseConfigurationReference = 14A49C1B5A3DA4EA75571CD2 /* Pods-kilogramTests.debug.xcconfig */;
			buildSettings = {
				ALWAYS_EMBED_SWIFT_STANDARD_LIBRARIES = YES;
				BUNDLE_LOADER = "$(TEST_HOST)";
				CODE_SIGN_STYLE = Automatic;
				INFOPLIST_FILE = kilogramTests/Info.plist;
				IPHONEOS_DEPLOYMENT_TARGET = 13.7;
				LD_RUNPATH_SEARCH_PATHS = (
					"$(inherited)",
					"@executable_path/Frameworks",
					"@loader_path/Frameworks",
				);
				PRODUCT_BUNDLE_IDENTIFIER = com.konna.kilogramTests;
				PRODUCT_NAME = "$(TARGET_NAME)";
				SWIFT_VERSION = 5.0;
				TARGETED_DEVICE_FAMILY = "1,2";
				TEST_HOST = "$(BUILT_PRODUCTS_DIR)/kilogram.app/kilogram";
			};
			name = Debug;
		};
		18A81E23251B79FE00EB5904 /* Release */ = {
			isa = XCBuildConfiguration;
			baseConfigurationReference = 29DB3E2D009F986F5F1AA3F8 /* Pods-kilogramTests.release.xcconfig */;
			buildSettings = {
				ALWAYS_EMBED_SWIFT_STANDARD_LIBRARIES = YES;
				BUNDLE_LOADER = "$(TEST_HOST)";
				CODE_SIGN_STYLE = Automatic;
				INFOPLIST_FILE = kilogramTests/Info.plist;
				IPHONEOS_DEPLOYMENT_TARGET = 13.7;
				LD_RUNPATH_SEARCH_PATHS = (
					"$(inherited)",
					"@executable_path/Frameworks",
					"@loader_path/Frameworks",
				);
				PRODUCT_BUNDLE_IDENTIFIER = com.konna.kilogramTests;
				PRODUCT_NAME = "$(TARGET_NAME)";
				SWIFT_VERSION = 5.0;
				TARGETED_DEVICE_FAMILY = "1,2";
				TEST_HOST = "$(BUILT_PRODUCTS_DIR)/kilogram.app/kilogram";
			};
			name = Release;
		};
/* End XCBuildConfiguration section */

/* Begin XCConfigurationList section */
		18A81DFA251B79FC00EB5904 /* Build configuration list for PBXProject "kilogram" */ = {
			isa = XCConfigurationList;
			buildConfigurations = (
				18A81E1C251B79FE00EB5904 /* Debug */,
				18A81E1D251B79FE00EB5904 /* Release */,
			);
			defaultConfigurationIsVisible = 0;
			defaultConfigurationName = Release;
		};
		18A81E1E251B79FE00EB5904 /* Build configuration list for PBXNativeTarget "kilogram" */ = {
			isa = XCConfigurationList;
			buildConfigurations = (
				18A81E1F251B79FE00EB5904 /* Debug */,
				18A81E20251B79FE00EB5904 /* Release */,
			);
			defaultConfigurationIsVisible = 0;
			defaultConfigurationName = Release;
		};
		18A81E21251B79FE00EB5904 /* Build configuration list for PBXNativeTarget "kilogramTests" */ = {
			isa = XCConfigurationList;
			buildConfigurations = (
				18A81E22251B79FE00EB5904 /* Debug */,
				18A81E23251B79FE00EB5904 /* Release */,
			);
			defaultConfigurationIsVisible = 0;
			defaultConfigurationName = Release;
		};
/* End XCConfigurationList section */

/* Begin XCRemoteSwiftPackageReference section */
		181B53A1252C674D009B4FF8 /* XCRemoteSwiftPackageReference "facebook-ios-sdk" */ = {
			isa = XCRemoteSwiftPackageReference;
			repositoryURL = "https://github.com/facebook/facebook-ios-sdk";
			requirement = {
				kind = upToNextMajorVersion;
				minimumVersion = 8.0.0;
			};
		};
/* End XCRemoteSwiftPackageReference section */

/* Begin XCSwiftPackageProductDependency section */
		181B53A2252C674D009B4FF8 /* FacebookCore */ = {
			isa = XCSwiftPackageProductDependency;
			package = 181B53A1252C674D009B4FF8 /* XCRemoteSwiftPackageReference "facebook-ios-sdk" */;
			productName = FacebookCore;
		};
		181B53A4252C674D009B4FF8 /* FacebookLogin */ = {
			isa = XCSwiftPackageProductDependency;
			package = 181B53A1252C674D009B4FF8 /* XCRemoteSwiftPackageReference "facebook-ios-sdk" */;
			productName = FacebookLogin;
		};
/* End XCSwiftPackageProductDependency section */
	};
	rootObject = 18A81DF7251B79FC00EB5904 /* Project object */;
}
