PODS:
  - FlagPhoneNumber (0.8.0):
    - FlagPhoneNumber/libPhoneNumberiOS (= 0.8.0)
  - FlagPhoneNumber/libPhoneNumberiOS (0.8.0)
  - Pageboy (3.6.1)
  - SnapKit (5.0.1)
  - SwipeViewController (2.0)
  - Tabman (2.9.1):
    - Pageboy (~> 3.6.0)
  - XLPagerTabStrip (9.0.0)

DEPENDENCIES:
  - FlagPhoneNumber
  - SnapKit (~> 5.0.0)
  - SwipeViewController
  - Tabman (~> 2.9)
  - XLPagerTabStrip (~> 9.0)

SPEC REPOS:
  trunk:
    - FlagPhoneNumber
    - Pageboy
    - SnapKit
    - SwipeViewController
    - Tabman
    - XLPagerTabStrip

SPEC CHECKSUMS:
  FlagPhoneNumber: 3712455b95f66cb0f2016fef7d9e34cddf8c7f9a
  Pageboy: 29a2d474ad99404b4d77f325e0ab6d705930a4fb
  SnapKit: 97b92857e3df3a0c71833cce143274bf6ef8e5eb
  SwipeViewController: 87ac3b72473f2caee7b84a7761c9367501fd557a
  Tabman: 085d89c65be9e883629bdaf5b1453a6397e57846
  XLPagerTabStrip: 61c57fd61f611ee5f01ff1495ad6fbee8bf496c5

PODFILE CHECKSUM: 9ea50d05bc484203c9e1f1ff85c38164bbd30466

COCOAPODS: 1.9.3
